
Microsoft Visual Studio Solution File, Format Version 12.00
# Visual Studio Version 16
VisualStudioVersion = 16.0.29613.14
MinimumVisualStudioVersion = 10.0.40219.1
Project("{FAE04EC0-301F-11D3-BF4B-00C04F79EFBC}") = "Csharppractice1", "Csharppractice1\Csharppractice1.csproj", "{A73E436F-4501-4774-8175-D77766CD77BD}"
EndProject
Project("{2150E333-8FDC-42A3-9474-1A3956D46DE8}") = "Programming Basics", "Programming Basics", "{B3E2F8D1-AD6D-424D-A8E6-9028D85BB7CA}"
EndProject
Project("{2150E333-8FDC-42A3-9474-1A3956D46DE8}") = "Unit Testing Project", "Unit Testing Project", "{5B36DFBD-5AAE-4422-B712-DE616F030EDF}"
EndProject
Project("{FAE04EC0-301F-11D3-BF4B-00C04F79EFBC}") = "UnitTestProject", "UnitTestProject\UnitTestProject.csproj", "{D30E1588-447F-46A8-B9C1-1FE1B6458983}"
EndProject
Project("{2150E333-8FDC-42A3-9474-1A3956D46DE8}") = "MathEqualityandRelationalOperators", "MathEqualityandRelationalOperators", "{062F8B45-E7E9-4709-B48B-C148D17776AD}"
EndProject
Project("{FAE04EC0-301F-11D3-BF4B-00C04F79EFBC}") = "MathwithIntergers", "MathwithIntergers\MathwithIntergers.csproj", "{F69441C8-0779-4FAE-B45D-8FA3FBD89768}"
EndProject
Project("{FAE04EC0-301F-11D3-BF4B-00C04F79EFBC}") = "MathwithDouble", "MathwithDouble\MathwithDouble.csproj", "{4FB0217F-C481-405F-B279-BE7EADFA149F}"
EndProject
Project("{FAE04EC0-301F-11D3-BF4B-00C04F79EFBC}") = "MathwithDecimal", "MathwithDecimal\MathwithDecimal.csproj", "{0A7A7D25-2542-42A0-8CBA-5EFAB79D8BD2}"
EndProject
Project("{FAE04EC0-301F-11D3-BF4B-00C04F79EFBC}") = "TemperatureConversion", "TemperatureConversion\TemperatureConversion.csproj", "{730C09AE-ED3B-4D49-9BE4-66E54B364BBC}"
EndProject
Project("{FAE04EC0-301F-11D3-BF4B-00C04F79EFBC}") = "LeapYearFinder", "LeapYearFinder\LeapYearFinder.csproj", "{483BFE67-E6FC-4097-BE11-A8FAB7BB412B}"
EndProject
Project("{FAE04EC0-301F-11D3-BF4B-00C04F79EFBC}") = "LeapYearFinderInstructorMethod", "LeapYearFinderInstructorMethod\LeapYearFinderInstructorMethod.csproj", "{CE901D5F-1A59-4742-9964-3785F8C7732A}"
EndProject
Project("{2150E333-8FDC-42A3-9474-1A3956D46DE8}") = "Classes and Methods", "Classes and Methods", "{DF51058F-58D5-4A65-9DC8-C1ABBC3B2483}"
EndProject
Project("{FAE04EC0-301F-11D3-BF4B-00C04F79EFBC}") = "ClassesNmethods", "ClassesNmethods\ClassesNmethods.csproj", "{95F1459A-7452-4876-B68E-E5705099C462}"
EndProject
Project("{2150E333-8FDC-42A3-9474-1A3956D46DE8}") = "Repitition", "Repitition", "{4FA2BD21-CC46-4F42-AD92-54098F41AC5C}"
EndProject
Project("{FAE04EC0-301F-11D3-BF4B-00C04F79EFBC}") = "Repitition", "Repitition\Repitition.csproj", "{9E4D7412-85F5-4D55-BE93-F40FF306DBA7}"
EndProject
Project("{2150E333-8FDC-42A3-9474-1A3956D46DE8}") = "RetailStoreSolution", "RetailStoreSolution", "{72E7B435-47D1-4D8C-A39B-3506D521D878}"
EndProject
Project("{FAE04EC0-301F-11D3-BF4B-00C04F79EFBC}") = "RetailStore", "RetailStore\RetailStore.csproj", "{C56E494C-CA8A-49E7-8883-6CDF8059B64A}"
EndProject
Project("{FAE04EC0-301F-11D3-BF4B-00C04F79EFBC}") = "ConsoleApp4testingSentinelLoops", "ConsoleApp4testingSentinelLoops\ConsoleApp4testingSentinelLoops.csproj", "{7348CF8B-3BCA-4B39-8DC6-58FAE147C94A}"
EndProject
Project("{2150E333-8FDC-42A3-9474-1A3956D46DE8}") = "Methods", "Methods", "{F594560B-1D59-42FD-ABD8-1FECCCFE4A25}"
EndProject
Project("{FAE04EC0-301F-11D3-BF4B-00C04F79EFBC}") = "Methods", "Methods\Methods.csproj", "{2379BD8F-6B52-4802-8E78-EE84786CA198}"
EndProject
Project("{2150E333-8FDC-42A3-9474-1A3956D46DE8}") = "ArraysandLisits", "ArraysandLisits", "{F47151EA-90A5-4FA8-8B71-D9D4C6AA754A}"
EndProject
Project("{FAE04EC0-301F-11D3-BF4B-00C04F79EFBC}") = "ArraysandLists", "ArraysandLists\ArraysandLists.csproj", "{2CCDED54-326E-4218-91AA-C12F0D1DCC02}"
EndProject
Project("{FAE04EC0-301F-11D3-BF4B-00C04F79EFBC}") = "ArraysandLists_Test1", "ArraysandLists_Test1\ArraysandLists_Test1.csproj", "{9A37EFD2-E708-4720-BEF5-691F7FC3EB13}"
EndProject
Project("{FAE04EC0-301F-11D3-BF4B-00C04F79EFBC}") = "ArraysandListsTest2", "ArraysandListsTest2\ArraysandListsTest2.csproj", "{ABF7B195-1A9E-41B4-A002-3DDAB4AFA8A8}"
EndProject
Project("{2150E333-8FDC-42A3-9474-1A3956D46DE8}") = "Advanced OO topics", "Advanced OO topics", "{F1482F7F-E64A-444A-8B67-A475C03D504C}"
EndProject
Project("{FAE04EC0-301F-11D3-BF4B-00C04F79EFBC}") = "Advanced OO Topics", "Advanced OO Topics\Advanced OO Topics.csproj", "{B5FCEEF2-CD8A-49D1-8210-12BE072CBB10}"
EndProject
Project("{2150E333-8FDC-42A3-9474-1A3956D46DE8}") = "Interfaces", "Interfaces", "{D7F6FAE6-10C0-4756-B295-45525E72E552}"
EndProject
Project("{FAE04EC0-301F-11D3-BF4B-00C04F79EFBC}") = "Interfaces", "Interfaces\Interfaces.csproj", "{45673EAB-54DA-4FE4-B81B-D867FCAB8CC3}"
EndProject
Project("{2150E333-8FDC-42A3-9474-1A3956D46DE8}") = "Advanced CSharp Topics", "Advanced CSharp Topics", "{CD3DAA32-B0A8-48E8-A377-1CA06FE07780}"
EndProject
Project("{FAE04EC0-301F-11D3-BF4B-00C04F79EFBC}") = "AdvancedCSharpTopics", "AdvancedCSharpTopics\AdvancedCSharpTopics.csproj", "{1929F56A-FC28-4DCF-95FA-103601C19967}"
EndProject
Global
	GlobalSection(SolutionConfigurationPlatforms) = preSolution
		Debug|Any CPU = Debug|Any CPU
		Release|Any CPU = Release|Any CPU
	EndGlobalSection
	GlobalSection(ProjectConfigurationPlatforms) = postSolution
		{A73E436F-4501-4774-8175-D77766CD77BD}.Debug|Any CPU.ActiveCfg = Debug|Any CPU
		{A73E436F-4501-4774-8175-D77766CD77BD}.Debug|Any CPU.Build.0 = Debug|Any CPU
		{A73E436F-4501-4774-8175-D77766CD77BD}.Release|Any CPU.ActiveCfg = Release|Any CPU
		{A73E436F-4501-4774-8175-D77766CD77BD}.Release|Any CPU.Build.0 = Release|Any CPU
		{D30E1588-447F-46A8-B9C1-1FE1B6458983}.Debug|Any CPU.ActiveCfg = Debug|Any CPU
		{D30E1588-447F-46A8-B9C1-1FE1B6458983}.Debug|Any CPU.Build.0 = Debug|Any CPU
		{D30E1588-447F-46A8-B9C1-1FE1B6458983}.Release|Any CPU.ActiveCfg = Release|Any CPU
		{D30E1588-447F-46A8-B9C1-1FE1B6458983}.Release|Any CPU.Build.0 = Release|Any CPU
		{F69441C8-0779-4FAE-B45D-8FA3FBD89768}.Debug|Any CPU.ActiveCfg = Debug|Any CPU
		{F69441C8-0779-4FAE-B45D-8FA3FBD89768}.Debug|Any CPU.Build.0 = Debug|Any CPU
		{F69441C8-0779-4FAE-B45D-8FA3FBD89768}.Release|Any CPU.ActiveCfg = Release|Any CPU
		{F69441C8-0779-4FAE-B45D-8FA3FBD89768}.Release|Any CPU.Build.0 = Release|Any CPU
		{4FB0217F-C481-405F-B279-BE7EADFA149F}.Debug|Any CPU.ActiveCfg = Debug|Any CPU
		{4FB0217F-C481-405F-B279-BE7EADFA149F}.Debug|Any CPU.Build.0 = Debug|Any CPU
		{4FB0217F-C481-405F-B279-BE7EADFA149F}.Release|Any CPU.ActiveCfg = Release|Any CPU
		{4FB0217F-C481-405F-B279-BE7EADFA149F}.Release|Any CPU.Build.0 = Release|Any CPU
		{0A7A7D25-2542-42A0-8CBA-5EFAB79D8BD2}.Debug|Any CPU.ActiveCfg = Debug|Any CPU
		{0A7A7D25-2542-42A0-8CBA-5EFAB79D8BD2}.Debug|Any CPU.Build.0 = Debug|Any CPU
		{0A7A7D25-2542-42A0-8CBA-5EFAB79D8BD2}.Release|Any CPU.ActiveCfg = Release|Any CPU
		{0A7A7D25-2542-42A0-8CBA-5EFAB79D8BD2}.Release|Any CPU.Build.0 = Release|Any CPU
		{730C09AE-ED3B-4D49-9BE4-66E54B364BBC}.Debug|Any CPU.ActiveCfg = Debug|Any CPU
		{730C09AE-ED3B-4D49-9BE4-66E54B364BBC}.Debug|Any CPU.Build.0 = Debug|Any CPU
		{730C09AE-ED3B-4D49-9BE4-66E54B364BBC}.Release|Any CPU.ActiveCfg = Release|Any CPU
		{730C09AE-ED3B-4D49-9BE4-66E54B364BBC}.Release|Any CPU.Build.0 = Release|Any CPU
		{483BFE67-E6FC-4097-BE11-A8FAB7BB412B}.Debug|Any CPU.ActiveCfg = Debug|Any CPU
		{483BFE67-E6FC-4097-BE11-A8FAB7BB412B}.Debug|Any CPU.Build.0 = Debug|Any CPU
		{483BFE67-E6FC-4097-BE11-A8FAB7BB412B}.Release|Any CPU.ActiveCfg = Release|Any CPU
		{483BFE67-E6FC-4097-BE11-A8FAB7BB412B}.Release|Any CPU.Build.0 = Release|Any CPU
		{CE901D5F-1A59-4742-9964-3785F8C7732A}.Debug|Any CPU.ActiveCfg = Debug|Any CPU
		{CE901D5F-1A59-4742-9964-3785F8C7732A}.Debug|Any CPU.Build.0 = Debug|Any CPU
		{CE901D5F-1A59-4742-9964-3785F8C7732A}.Release|Any CPU.ActiveCfg = Release|Any CPU
		{CE901D5F-1A59-4742-9964-3785F8C7732A}.Release|Any CPU.Build.0 = Release|Any CPU
		{95F1459A-7452-4876-B68E-E5705099C462}.Debug|Any CPU.ActiveCfg = Debug|Any CPU
		{95F1459A-7452-4876-B68E-E5705099C462}.Debug|Any CPU.Build.0 = Debug|Any CPU
		{95F1459A-7452-4876-B68E-E5705099C462}.Release|Any CPU.ActiveCfg = Release|Any CPU
		{95F1459A-7452-4876-B68E-E5705099C462}.Release|Any CPU.Build.0 = Release|Any CPU
		{9E4D7412-85F5-4D55-BE93-F40FF306DBA7}.Debug|Any CPU.ActiveCfg = Debug|Any CPU
		{9E4D7412-85F5-4D55-BE93-F40FF306DBA7}.Debug|Any CPU.Build.0 = Debug|Any CPU
		{9E4D7412-85F5-4D55-BE93-F40FF306DBA7}.Release|Any CPU.ActiveCfg = Release|Any CPU
		{9E4D7412-85F5-4D55-BE93-F40FF306DBA7}.Release|Any CPU.Build.0 = Release|Any CPU
		{C56E494C-CA8A-49E7-8883-6CDF8059B64A}.Debug|Any CPU.ActiveCfg = Debug|Any CPU
		{C56E494C-CA8A-49E7-8883-6CDF8059B64A}.Debug|Any CPU.Build.0 = Debug|Any CPU
		{C56E494C-CA8A-49E7-8883-6CDF8059B64A}.Release|Any CPU.ActiveCfg = Release|Any CPU
		{C56E494C-CA8A-49E7-8883-6CDF8059B64A}.Release|Any CPU.Build.0 = Release|Any CPU
		{7348CF8B-3BCA-4B39-8DC6-58FAE147C94A}.Debug|Any CPU.ActiveCfg = Debug|Any CPU
		{7348CF8B-3BCA-4B39-8DC6-58FAE147C94A}.Debug|Any CPU.Build.0 = Debug|Any CPU
		{7348CF8B-3BCA-4B39-8DC6-58FAE147C94A}.Release|Any CPU.ActiveCfg = Release|Any CPU
		{7348CF8B-3BCA-4B39-8DC6-58FAE147C94A}.Release|Any CPU.Build.0 = Release|Any CPU
		{2379BD8F-6B52-4802-8E78-EE84786CA198}.Debug|Any CPU.ActiveCfg = Debug|Any CPU
		{2379BD8F-6B52-4802-8E78-EE84786CA198}.Debug|Any CPU.Build.0 = Debug|Any CPU
		{2379BD8F-6B52-4802-8E78-EE84786CA198}.Release|Any CPU.ActiveCfg = Release|Any CPU
		{2379BD8F-6B52-4802-8E78-EE84786CA198}.Release|Any CPU.Build.0 = Release|Any CPU
		{2CCDED54-326E-4218-91AA-C12F0D1DCC02}.Debug|Any CPU.ActiveCfg = Debug|Any CPU
		{2CCDED54-326E-4218-91AA-C12F0D1DCC02}.Debug|Any CPU.Build.0 = Debug|Any CPU
		{2CCDED54-326E-4218-91AA-C12F0D1DCC02}.Release|Any CPU.ActiveCfg = Release|Any CPU
		{2CCDED54-326E-4218-91AA-C12F0D1DCC02}.Release|Any CPU.Build.0 = Release|Any CPU
		{9A37EFD2-E708-4720-BEF5-691F7FC3EB13}.Debug|Any CPU.ActiveCfg = Debug|Any CPU
		{9A37EFD2-E708-4720-BEF5-691F7FC3EB13}.Debug|Any CPU.Build.0 = Debug|Any CPU
		{9A37EFD2-E708-4720-BEF5-691F7FC3EB13}.Release|Any CPU.ActiveCfg = Release|Any CPU
		{9A37EFD2-E708-4720-BEF5-691F7FC3EB13}.Release|Any CPU.Build.0 = Release|Any CPU
		{ABF7B195-1A9E-41B4-A002-3DDAB4AFA8A8}.Debug|Any CPU.ActiveCfg = Debug|Any CPU
		{ABF7B195-1A9E-41B4-A002-3DDAB4AFA8A8}.Debug|Any CPU.Build.0 = Debug|Any CPU
		{ABF7B195-1A9E-41B4-A002-3DDAB4AFA8A8}.Release|Any CPU.ActiveCfg = Release|Any CPU
		{ABF7B195-1A9E-41B4-A002-3DDAB4AFA8A8}.Release|Any CPU.Build.0 = Release|Any CPU
		{B5FCEEF2-CD8A-49D1-8210-12BE072CBB10}.Debug|Any CPU.ActiveCfg = Debug|Any CPU
		{B5FCEEF2-CD8A-49D1-8210-12BE072CBB10}.Debug|Any CPU.Build.0 = Debug|Any CPU
		{B5FCEEF2-CD8A-49D1-8210-12BE072CBB10}.Release|Any CPU.ActiveCfg = Release|Any CPU
		{B5FCEEF2-CD8A-49D1-8210-12BE072CBB10}.Release|Any CPU.Build.0 = Release|Any CPU
		{45673EAB-54DA-4FE4-B81B-D867FCAB8CC3}.Debug|Any CPU.ActiveCfg = Debug|Any CPU
		{45673EAB-54DA-4FE4-B81B-D867FCAB8CC3}.Debug|Any CPU.Build.0 = Debug|Any CPU
		{45673EAB-54DA-4FE4-B81B-D867FCAB8CC3}.Release|Any CPU.ActiveCfg = Release|Any CPU
		{45673EAB-54DA-4FE4-B81B-D867FCAB8CC3}.Release|Any CPU.Build.0 = Release|Any CPU
		{1929F56A-FC28-4DCF-95FA-103601C19967}.Debug|Any CPU.ActiveCfg = Debug|Any CPU
		{1929F56A-FC28-4DCF-95FA-103601C19967}.Debug|Any CPU.Build.0 = Debug|Any CPU
		{1929F56A-FC28-4DCF-95FA-103601C19967}.Release|Any CPU.ActiveCfg = Release|Any CPU
		{1929F56A-FC28-4DCF-95FA-103601C19967}.Release|Any CPU.Build.0 = Release|Any CPU
	EndGlobalSection
	GlobalSection(SolutionProperties) = preSolution
		HideSolutionNode = FALSE
	EndGlobalSection
	GlobalSection(NestedProjects) = preSolution
		{A73E436F-4501-4774-8175-D77766CD77BD} = {B3E2F8D1-AD6D-424D-A8E6-9028D85BB7CA}
		{D30E1588-447F-46A8-B9C1-1FE1B6458983} = {5B36DFBD-5AAE-4422-B712-DE616F030EDF}
		{F69441C8-0779-4FAE-B45D-8FA3FBD89768} = {062F8B45-E7E9-4709-B48B-C148D17776AD}
		{4FB0217F-C481-405F-B279-BE7EADFA149F} = {062F8B45-E7E9-4709-B48B-C148D17776AD}
		{0A7A7D25-2542-42A0-8CBA-5EFAB79D8BD2} = {062F8B45-E7E9-4709-B48B-C148D17776AD}
		{730C09AE-ED3B-4D49-9BE4-66E54B364BBC} = {062F8B45-E7E9-4709-B48B-C148D17776AD}
		{483BFE67-E6FC-4097-BE11-A8FAB7BB412B} = {062F8B45-E7E9-4709-B48B-C148D17776AD}
		{CE901D5F-1A59-4742-9964-3785F8C7732A} = {062F8B45-E7E9-4709-B48B-C148D17776AD}
		{95F1459A-7452-4876-B68E-E5705099C462} = {DF51058F-58D5-4A65-9DC8-C1ABBC3B2483}
		{4FA2BD21-CC46-4F42-AD92-54098F41AC5C} = {5B36DFBD-5AAE-4422-B712-DE616F030EDF}
		{9E4D7412-85F5-4D55-BE93-F40FF306DBA7} = {4FA2BD21-CC46-4F42-AD92-54098F41AC5C}
		{C56E494C-CA8A-49E7-8883-6CDF8059B64A} = {72E7B435-47D1-4D8C-A39B-3506D521D878}
		{7348CF8B-3BCA-4B39-8DC6-58FAE147C94A} = {4FA2BD21-CC46-4F42-AD92-54098F41AC5C}
		{2379BD8F-6B52-4802-8E78-EE84786CA198} = {F594560B-1D59-42FD-ABD8-1FECCCFE4A25}
		{2CCDED54-326E-4218-91AA-C12F0D1DCC02} = {F47151EA-90A5-4FA8-8B71-D9D4C6AA754A}
		{9A37EFD2-E708-4720-BEF5-691F7FC3EB13} = {F47151EA-90A5-4FA8-8B71-D9D4C6AA754A}
		{ABF7B195-1A9E-41B4-A002-3DDAB4AFA8A8} = {F47151EA-90A5-4FA8-8B71-D9D4C6AA754A}
		{B5FCEEF2-CD8A-49D1-8210-12BE072CBB10} = {F1482F7F-E64A-444A-8B67-A475C03D504C}
		{45673EAB-54DA-4FE4-B81B-D867FCAB8CC3} = {D7F6FAE6-10C0-4756-B295-45525E72E552}
		{1929F56A-FC28-4DCF-95FA-103601C19967} = {CD3DAA32-B0A8-48E8-A377-1CA06FE07780}
	EndGlobalSection
	GlobalSection(ExtensibilityGlobals) = postSolution
		SolutionGuid = {B669E0F0-0FC6-410C-BA1D-85CA6218A18D}
	EndGlobalSection
EndGlobal
